
Microsoft Visual Studio Solution File, Format Version 12.00
# Visual Studio 14
VisualStudioVersion = 14.0.25420.1
MinimumVisualStudioVersion = 10.0.40219.1
Project("{FAE04EC0-301F-11D3-BF4B-00C04F79EFBC}") = "Alluxio.csharp", "Alluxio.csharp\Alluxio.csharp.csproj", "{F2DBA279-CA37-416D-AF95-0DEBAD4977F9}"
EndProject
Project("{2150E333-8FDC-42A3-9474-1A3956D46DE8}") = "Source", "Source", "{A61FD629-D5A8-4577-8F28-0045F701F55F}"
EndProject
Project("{2150E333-8FDC-42A3-9474-1A3956D46DE8}") = "Test", "Test", "{7C91C5CF-5F8E-429A-9BFF-90EB985ED9C9}"
EndProject
Project("{2150E333-8FDC-42A3-9474-1A3956D46DE8}") = "Deployment", "Deployment", "{B29C238D-CC8C-45E5-98BD-3DC4C0D1D4D5}"
EndProject
Global
	GlobalSection(SolutionConfigurationPlatforms) = preSolution
		Debug|Any CPU = Debug|Any CPU
		Debug|x64 = Debug|x64
		Release|Any CPU = Release|Any CPU
		Release|x64 = Release|x64
	EndGlobalSection
	GlobalSection(ProjectConfigurationPlatforms) = postSolution
		{F2DBA279-CA37-416D-AF95-0DEBAD4977F9}.Debug|Any CPU.ActiveCfg = Debug|Any CPU
		{F2DBA279-CA37-416D-AF95-0DEBAD4977F9}.Debug|Any CPU.Build.0 = Debug|Any CPU
		{F2DBA279-CA37-416D-AF95-0DEBAD4977F9}.Debug|x64.ActiveCfg = Debug|x64
		{F2DBA279-CA37-416D-AF95-0DEBAD4977F9}.Debug|x64.Build.0 = Debug|x64
		{F2DBA279-CA37-416D-AF95-0DEBAD4977F9}.Release|Any CPU.ActiveCfg = Release|Any CPU
		{F2DBA279-CA37-416D-AF95-0DEBAD4977F9}.Release|Any CPU.Build.0 = Release|Any CPU
		{F2DBA279-CA37-416D-AF95-0DEBAD4977F9}.Release|x64.ActiveCfg = Release|x64
		{F2DBA279-CA37-416D-AF95-0DEBAD4977F9}.Release|x64.Build.0 = Release|x64
	EndGlobalSection
	GlobalSection(SolutionProperties) = preSolution
		HideSolutionNode = FALSE
	EndGlobalSection
	GlobalSection(NestedProjects) = preSolution
		{F2DBA279-CA37-416D-AF95-0DEBAD4977F9} = {A61FD629-D5A8-4577-8F28-0045F701F55F}
	EndGlobalSection
EndGlobal
